
Microsoft Visual Studio Solution File, Format Version 12.00
# Visual Studio 15
VisualStudioVersion = 15.0.27703.2042
MinimumVisualStudioVersion = 10.0.40219.1
Project("{FAE04EC0-301F-11D3-BF4B-00C04F79EFBC}") = "ManageJson", "EasyJson\ManageJson.csproj", "{C7B61739-B93A-4799-AB78-4097B0F992DD}"
EndProject
Global
	GlobalSection(SolutionConfigurationPlatforms) = preSolution
		Debug|Any CPU = Debug|Any CPU
		Release|Any CPU = Release|Any CPU
	EndGlobalSection
	GlobalSection(ProjectConfigurationPlatforms) = postSolution
		{C7B61739-B93A-4799-AB78-4097B0F992DD}.Debug|Any CPU.ActiveCfg = Debug|Any CPU
		{C7B61739-B93A-4799-AB78-4097B0F992DD}.Debug|Any CPU.Build.0 = Debug|Any CPU
		{C7B61739-B93A-4799-AB78-4097B0F992DD}.Release|Any CPU.ActiveCfg = Release|Any CPU
		{C7B61739-B93A-4799-AB78-4097B0F992DD}.Release|Any CPU.Build.0 = Release|Any CPU
	EndGlobalSection
	GlobalSection(SolutionProperties) = preSolution
		HideSolutionNode = FALSE
	EndGlobalSection
	GlobalSection(ExtensibilityGlobals) = postSolution
		SolutionGuid = {5D665A67-706E-4470-AEA3-6292A81F0D47}
	EndGlobalSection
EndGlobal
